
Microsoft Visual Studio Solution File, Format Version 12.00
# Visual Studio 15
VisualStudioVersion = 15.0.27004.2009
MinimumVisualStudioVersion = 10.0.40219.1
Project("{9A19103F-16F7-4668-BE54-9A1E7A4F7556}") = "NovelCrawler.Models", "NovelCrawler.Models\NovelCrawler.Models.csproj", "{6E0D989D-3032-4567-8F68-E304D87D3DB0}"
EndProject
Project("{9A19103F-16F7-4668-BE54-9A1E7A4F7556}") = "NovelCrawler.Storage", "Storage\NovelCrawler.Storage\NovelCrawler.Storage.csproj", "{83AF3653-E0BE-4A21-B7A3-417EA5916345}"
EndProject
Project("{2150E333-8FDC-42A3-9474-1A3956D46DE8}") = "Storage", "Storage", "{717E5B91-402C-43F9-9C8A-556C22C8CA14}"
EndProject
Project("{9A19103F-16F7-4668-BE54-9A1E7A4F7556}") = "NovelCrawler.Processer", "NovelCrawler.Processer\NovelCrawler.Processer.csproj", "{2D7906E3-FB4B-4358-9B07-0CD79EB752EA}"
EndProject
Project("{FAE04EC0-301F-11D3-BF4B-00C04F79EFBC}") = "NovelCrawler.Rule", "Rule\NovelCrawler.Rule\NovelCrawler.Rule.csproj", "{EBEB8B04-179E-4A8F-9ECE-68C0329AABF1}"
EndProject
Project("{2150E333-8FDC-42A3-9474-1A3956D46DE8}") = "Rule", "Rule", "{1A2DF0E0-D9D8-4491-92BC-A93A8CE4E5DB}"
EndProject
Project("{9A19103F-16F7-4668-BE54-9A1E7A4F7556}") = "NovelCrawler.TestConsole", "Rule\NovelCrawler.TestConsole\NovelCrawler.TestConsole.csproj", "{31568F80-8F0D-4474-8731-DFB1E511ACD0}"
EndProject
Project("{9A19103F-16F7-4668-BE54-9A1E7A4F7556}") = "NovelCrawler.Repository", "NovelCrawler.Repository\NovelCrawler.Repository.csproj", "{42FDFB6C-9147-4B56-9F37-6F6597918E05}"
EndProject
Project("{9A19103F-16F7-4668-BE54-9A1E7A4F7556}") = "NovelCrawler.Infrastructure", "NovelCrawler.Infrastructure\NovelCrawler.Infrastructure.csproj", "{2DA80F51-3B68-4AC4-806A-D89E3F6FE959}"
EndProject
Project("{9A19103F-16F7-4668-BE54-9A1E7A4F7556}") = "NovelCrawler.Services", "NovelCrawler.Services\NovelCrawler.Services.csproj", "{3F61D8ED-230D-4239-B5A2-2A1B864BF454}"
EndProject
Project("{2150E333-8FDC-42A3-9474-1A3956D46DE8}") = "Test", "Test", "{309E0F00-5C1C-4089-8F58-B76D4C4530F6}"
EndProject
Project("{FAE04EC0-301F-11D3-BF4B-00C04F79EFBC}") = "NovelCrawler.Infrastructure.Test", "Test\NovelCrawler.Infrastructure.Test\NovelCrawler.Infrastructure.Test.csproj", "{95B6D383-CA96-43C6-A0DE-47E5E8281E75}"
EndProject
Global
	GlobalSection(SolutionConfigurationPlatforms) = preSolution
		Debug|Any CPU = Debug|Any CPU
		Release|Any CPU = Release|Any CPU
	EndGlobalSection
	GlobalSection(ProjectConfigurationPlatforms) = postSolution
		{6E0D989D-3032-4567-8F68-E304D87D3DB0}.Debug|Any CPU.ActiveCfg = Debug|Any CPU
		{6E0D989D-3032-4567-8F68-E304D87D3DB0}.Debug|Any CPU.Build.0 = Debug|Any CPU
		{6E0D989D-3032-4567-8F68-E304D87D3DB0}.Release|Any CPU.ActiveCfg = Release|Any CPU
		{6E0D989D-3032-4567-8F68-E304D87D3DB0}.Release|Any CPU.Build.0 = Release|Any CPU
		{83AF3653-E0BE-4A21-B7A3-417EA5916345}.Debug|Any CPU.ActiveCfg = Debug|Any CPU
		{83AF3653-E0BE-4A21-B7A3-417EA5916345}.Debug|Any CPU.Build.0 = Debug|Any CPU
		{83AF3653-E0BE-4A21-B7A3-417EA5916345}.Release|Any CPU.ActiveCfg = Release|Any CPU
		{83AF3653-E0BE-4A21-B7A3-417EA5916345}.Release|Any CPU.Build.0 = Release|Any CPU
		{2D7906E3-FB4B-4358-9B07-0CD79EB752EA}.Debug|Any CPU.ActiveCfg = Debug|Any CPU
		{2D7906E3-FB4B-4358-9B07-0CD79EB752EA}.Debug|Any CPU.Build.0 = Debug|Any CPU
		{2D7906E3-FB4B-4358-9B07-0CD79EB752EA}.Release|Any CPU.ActiveCfg = Release|Any CPU
		{2D7906E3-FB4B-4358-9B07-0CD79EB752EA}.Release|Any CPU.Build.0 = Release|Any CPU
		{EBEB8B04-179E-4A8F-9ECE-68C0329AABF1}.Debug|Any CPU.ActiveCfg = Debug|Any CPU
		{EBEB8B04-179E-4A8F-9ECE-68C0329AABF1}.Debug|Any CPU.Build.0 = Debug|Any CPU
		{EBEB8B04-179E-4A8F-9ECE-68C0329AABF1}.Release|Any CPU.ActiveCfg = Release|Any CPU
		{EBEB8B04-179E-4A8F-9ECE-68C0329AABF1}.Release|Any CPU.Build.0 = Release|Any CPU
		{31568F80-8F0D-4474-8731-DFB1E511ACD0}.Debug|Any CPU.ActiveCfg = Debug|Any CPU
		{31568F80-8F0D-4474-8731-DFB1E511ACD0}.Debug|Any CPU.Build.0 = Debug|Any CPU
		{31568F80-8F0D-4474-8731-DFB1E511ACD0}.Release|Any CPU.ActiveCfg = Release|Any CPU
		{31568F80-8F0D-4474-8731-DFB1E511ACD0}.Release|Any CPU.Build.0 = Release|Any CPU
		{42FDFB6C-9147-4B56-9F37-6F6597918E05}.Debug|Any CPU.ActiveCfg = Debug|Any CPU
		{42FDFB6C-9147-4B56-9F37-6F6597918E05}.Debug|Any CPU.Build.0 = Debug|Any CPU
		{42FDFB6C-9147-4B56-9F37-6F6597918E05}.Release|Any CPU.ActiveCfg = Release|Any CPU
		{42FDFB6C-9147-4B56-9F37-6F6597918E05}.Release|Any CPU.Build.0 = Release|Any CPU
		{2DA80F51-3B68-4AC4-806A-D89E3F6FE959}.Debug|Any CPU.ActiveCfg = Debug|Any CPU
		{2DA80F51-3B68-4AC4-806A-D89E3F6FE959}.Debug|Any CPU.Build.0 = Debug|Any CPU
		{2DA80F51-3B68-4AC4-806A-D89E3F6FE959}.Release|Any CPU.ActiveCfg = Release|Any CPU
		{2DA80F51-3B68-4AC4-806A-D89E3F6FE959}.Release|Any CPU.Build.0 = Release|Any CPU
		{3F61D8ED-230D-4239-B5A2-2A1B864BF454}.Debug|Any CPU.ActiveCfg = Debug|Any CPU
		{3F61D8ED-230D-4239-B5A2-2A1B864BF454}.Debug|Any CPU.Build.0 = Debug|Any CPU
		{3F61D8ED-230D-4239-B5A2-2A1B864BF454}.Release|Any CPU.ActiveCfg = Release|Any CPU
		{3F61D8ED-230D-4239-B5A2-2A1B864BF454}.Release|Any CPU.Build.0 = Release|Any CPU
		{95B6D383-CA96-43C6-A0DE-47E5E8281E75}.Debug|Any CPU.ActiveCfg = Debug|Any CPU
		{95B6D383-CA96-43C6-A0DE-47E5E8281E75}.Debug|Any CPU.Build.0 = Debug|Any CPU
		{95B6D383-CA96-43C6-A0DE-47E5E8281E75}.Release|Any CPU.ActiveCfg = Release|Any CPU
		{95B6D383-CA96-43C6-A0DE-47E5E8281E75}.Release|Any CPU.Build.0 = Release|Any CPU
	EndGlobalSection
	GlobalSection(SolutionProperties) = preSolution
		HideSolutionNode = FALSE
	EndGlobalSection
	GlobalSection(NestedProjects) = preSolution
		{83AF3653-E0BE-4A21-B7A3-417EA5916345} = {717E5B91-402C-43F9-9C8A-556C22C8CA14}
		{EBEB8B04-179E-4A8F-9ECE-68C0329AABF1} = {1A2DF0E0-D9D8-4491-92BC-A93A8CE4E5DB}
		{31568F80-8F0D-4474-8731-DFB1E511ACD0} = {1A2DF0E0-D9D8-4491-92BC-A93A8CE4E5DB}
		{95B6D383-CA96-43C6-A0DE-47E5E8281E75} = {309E0F00-5C1C-4089-8F58-B76D4C4530F6}
	EndGlobalSection
	GlobalSection(ExtensibilityGlobals) = postSolution
		SolutionGuid = {1EE63640-0D94-45C2-A976-C890D0443587}
	EndGlobalSection
EndGlobal
